
Microsoft Visual Studio Solution File, Format Version 12.00
# Visual Studio Version 16
VisualStudioVersion = 16.0.29009.5
MinimumVisualStudioVersion = 10.0.40219.1
Project("{FAE04EC0-301F-11D3-BF4B-00C04F79EFBC}") = "ToPigLatin", "ToPigLatin\ToPigLatin.csproj", "{EAD85144-A5B5-4A82-B1C3-C2FA2619FA18}"
EndProject
Global
	GlobalSection(SolutionConfigurationPlatforms) = preSolution
		Debug|Any CPU = Debug|Any CPU
		Release|Any CPU = Release|Any CPU
	EndGlobalSection
	GlobalSection(ProjectConfigurationPlatforms) = postSolution
		{EAD85144-A5B5-4A82-B1C3-C2FA2619FA18}.Debug|Any CPU.ActiveCfg = Debug|Any CPU
		{EAD85144-A5B5-4A82-B1C3-C2FA2619FA18}.Debug|Any CPU.Build.0 = Debug|Any CPU
		{EAD85144-A5B5-4A82-B1C3-C2FA2619FA18}.Release|Any CPU.ActiveCfg = Release|Any CPU
		{EAD85144-A5B5-4A82-B1C3-C2FA2619FA18}.Release|Any CPU.Build.0 = Release|Any CPU
	EndGlobalSection
	GlobalSection(SolutionProperties) = preSolution
		HideSolutionNode = FALSE
	EndGlobalSection
	GlobalSection(ExtensibilityGlobals) = postSolution
		SolutionGuid = {69170FBB-7D66-4756-B47C-A931E07D7D75}
	EndGlobalSection
EndGlobal
